
Microsoft Visual Studio Solution File, Format Version 12.00
# Visual Studio Version 16
VisualStudioVersion = 16.0.28803.352
MinimumVisualStudioVersion = 10.0.40219.1
Project("{9A19103F-16F7-4668-BE54-9A1E7A4F7556}") = "FoodServiceAPI", "FoodServiceAPI\FoodServiceAPI.csproj", "{1E9823E8-448F-425D-82D3-99B21FABE075}"
EndProject
Project("{9A19103F-16F7-4668-BE54-9A1E7A4F7556}") = "FoodServiceAPI.Test", "FoodServiceAPI.Test\FoodServiceAPI.Test.csproj", "{672F5A20-1C37-4D9C-9CE1-40277CB5257F}"
EndProject
Global
	GlobalSection(SolutionConfigurationPlatforms) = preSolution
		Debug|Any CPU = Debug|Any CPU
		Release|Any CPU = Release|Any CPU
	EndGlobalSection
	GlobalSection(ProjectConfigurationPlatforms) = postSolution
		{1E9823E8-448F-425D-82D3-99B21FABE075}.Debug|Any CPU.ActiveCfg = Debug|Any CPU
		{1E9823E8-448F-425D-82D3-99B21FABE075}.Debug|Any CPU.Build.0 = Debug|Any CPU
		{1E9823E8-448F-425D-82D3-99B21FABE075}.Release|Any CPU.ActiveCfg = Release|Any CPU
		{1E9823E8-448F-425D-82D3-99B21FABE075}.Release|Any CPU.Build.0 = Release|Any CPU
		{672F5A20-1C37-4D9C-9CE1-40277CB5257F}.Debug|Any CPU.ActiveCfg = Debug|Any CPU
		{672F5A20-1C37-4D9C-9CE1-40277CB5257F}.Debug|Any CPU.Build.0 = Debug|Any CPU
		{672F5A20-1C37-4D9C-9CE1-40277CB5257F}.Release|Any CPU.ActiveCfg = Release|Any CPU
		{672F5A20-1C37-4D9C-9CE1-40277CB5257F}.Release|Any CPU.Build.0 = Release|Any CPU
	EndGlobalSection
	GlobalSection(SolutionProperties) = preSolution
		HideSolutionNode = FALSE
	EndGlobalSection
	GlobalSection(ExtensibilityGlobals) = postSolution
		SolutionGuid = {0230ED16-5754-4B02-9657-818C679DCFEF}
	EndGlobalSection
EndGlobal
